
Microsoft Visual Studio Solution File, Format Version 12.00
# Visual Studio Version 17
VisualStudioVersion = 17.9.34902.65
MinimumVisualStudioVersion = 10.0.40219.1
Project("{2150E333-8FDC-42A3-9474-1A3956D46DE8}") = "Tests", "Tests", "{4C7076B9-14D2-47FC-8124-979A640BFFDA}"
EndProject
Project("{2150E333-8FDC-42A3-9474-1A3956D46DE8}") = "Modules", "Modules", "{83433A40-3117-4685-82B1-6F2FF789D394}"
EndProject
Project("{9A19103F-16F7-4668-BE54-9A1E7A4F7556}") = "application", "application\application.csproj", "{A964B79D-8EB5-48F8-8908-5F037EB661B4}"
EndProject
Project("{9A19103F-16F7-4668-BE54-9A1E7A4F7556}") = "application.core", "application.core\application.core.csproj", "{940FF404-ACE8-42A8-999E-C16A2D974B13}"
EndProject
Project("{9A19103F-16F7-4668-BE54-9A1E7A4F7556}") = "modules.messageView", "modules\modules.messageView\modules.messageView.csproj", "{23F36AF7-CC23-4F6B-81EC-D476599ECE7B}"
EndProject
Project("{9A19103F-16F7-4668-BE54-9A1E7A4F7556}") = "modules.messageView.tests", "tests\modules.messageView.tests\modules.messageView.tests.csproj", "{4817E261-4F39-4254-91DA-3E52737AAD03}"
EndProject
Project("{9A19103F-16F7-4668-BE54-9A1E7A4F7556}") = "application.module.loader", "core-modules\application.module.loader\application.module.loader.csproj", "{2962B1AB-7900-4199-9471-D7E085B2B460}"
EndProject
Project("{9A19103F-16F7-4668-BE54-9A1E7A4F7556}") = "modules.messaging", "modules\modules.messaging\modules.messaging.csproj", "{87B466EA-AF26-49E8-94E7-2F1541D57618}"
EndProject
Project("{9A19103F-16F7-4668-BE54-9A1E7A4F7556}") = "modules.messaging.interfaces", "modules\modules.messaging.interfaces\modules.messaging.interfaces.csproj", "{1D6FE2AB-31EF-450B-BD48-C728F0B6A4B5}"
EndProject
Project("{2150E333-8FDC-42A3-9474-1A3956D46DE8}") = "core-modules", "core-modules", "{0E6ACAE2-68B9-48DF-AFF6-8BA2D80C7B2E}"
EndProject
Project("{FAE04EC0-301F-11D3-BF4B-00C04F79EFBC}") = "modules.buttons", "modules\modules.buttons\modules.buttons.csproj", "{B238FB5F-0F10-46BB-A6F0-40752D6B5932}"
EndProject
Global
	GlobalSection(SolutionConfigurationPlatforms) = preSolution
		Debug|Any CPU = Debug|Any CPU
		Release|Any CPU = Release|Any CPU
	EndGlobalSection
	GlobalSection(ProjectConfigurationPlatforms) = postSolution
		{A964B79D-8EB5-48F8-8908-5F037EB661B4}.Debug|Any CPU.ActiveCfg = Debug|Any CPU
		{A964B79D-8EB5-48F8-8908-5F037EB661B4}.Debug|Any CPU.Build.0 = Debug|Any CPU
		{A964B79D-8EB5-48F8-8908-5F037EB661B4}.Release|Any CPU.ActiveCfg = Release|Any CPU
		{A964B79D-8EB5-48F8-8908-5F037EB661B4}.Release|Any CPU.Build.0 = Release|Any CPU
		{940FF404-ACE8-42A8-999E-C16A2D974B13}.Debug|Any CPU.ActiveCfg = Debug|Any CPU
		{940FF404-ACE8-42A8-999E-C16A2D974B13}.Debug|Any CPU.Build.0 = Debug|Any CPU
		{940FF404-ACE8-42A8-999E-C16A2D974B13}.Release|Any CPU.ActiveCfg = Release|Any CPU
		{940FF404-ACE8-42A8-999E-C16A2D974B13}.Release|Any CPU.Build.0 = Release|Any CPU
		{23F36AF7-CC23-4F6B-81EC-D476599ECE7B}.Debug|Any CPU.ActiveCfg = Debug|Any CPU
		{23F36AF7-CC23-4F6B-81EC-D476599ECE7B}.Debug|Any CPU.Build.0 = Debug|Any CPU
		{23F36AF7-CC23-4F6B-81EC-D476599ECE7B}.Release|Any CPU.ActiveCfg = Release|Any CPU
		{23F36AF7-CC23-4F6B-81EC-D476599ECE7B}.Release|Any CPU.Build.0 = Release|Any CPU
		{4817E261-4F39-4254-91DA-3E52737AAD03}.Debug|Any CPU.ActiveCfg = Debug|Any CPU
		{4817E261-4F39-4254-91DA-3E52737AAD03}.Debug|Any CPU.Build.0 = Debug|Any CPU
		{4817E261-4F39-4254-91DA-3E52737AAD03}.Release|Any CPU.ActiveCfg = Release|Any CPU
		{4817E261-4F39-4254-91DA-3E52737AAD03}.Release|Any CPU.Build.0 = Release|Any CPU
		{2962B1AB-7900-4199-9471-D7E085B2B460}.Debug|Any CPU.ActiveCfg = Debug|Any CPU
		{2962B1AB-7900-4199-9471-D7E085B2B460}.Debug|Any CPU.Build.0 = Debug|Any CPU
		{2962B1AB-7900-4199-9471-D7E085B2B460}.Release|Any CPU.ActiveCfg = Release|Any CPU
		{2962B1AB-7900-4199-9471-D7E085B2B460}.Release|Any CPU.Build.0 = Release|Any CPU
		{87B466EA-AF26-49E8-94E7-2F1541D57618}.Debug|Any CPU.ActiveCfg = Debug|Any CPU
		{87B466EA-AF26-49E8-94E7-2F1541D57618}.Debug|Any CPU.Build.0 = Debug|Any CPU
		{87B466EA-AF26-49E8-94E7-2F1541D57618}.Release|Any CPU.ActiveCfg = Release|Any CPU
		{87B466EA-AF26-49E8-94E7-2F1541D57618}.Release|Any CPU.Build.0 = Release|Any CPU
		{1D6FE2AB-31EF-450B-BD48-C728F0B6A4B5}.Debug|Any CPU.ActiveCfg = Debug|Any CPU
		{1D6FE2AB-31EF-450B-BD48-C728F0B6A4B5}.Debug|Any CPU.Build.0 = Debug|Any CPU
		{1D6FE2AB-31EF-450B-BD48-C728F0B6A4B5}.Release|Any CPU.ActiveCfg = Release|Any CPU
		{1D6FE2AB-31EF-450B-BD48-C728F0B6A4B5}.Release|Any CPU.Build.0 = Release|Any CPU
		{B238FB5F-0F10-46BB-A6F0-40752D6B5932}.Debug|Any CPU.ActiveCfg = Debug|Any CPU
		{B238FB5F-0F10-46BB-A6F0-40752D6B5932}.Debug|Any CPU.Build.0 = Debug|Any CPU
		{B238FB5F-0F10-46BB-A6F0-40752D6B5932}.Release|Any CPU.ActiveCfg = Release|Any CPU
		{B238FB5F-0F10-46BB-A6F0-40752D6B5932}.Release|Any CPU.Build.0 = Release|Any CPU
	EndGlobalSection
	GlobalSection(SolutionProperties) = preSolution
		HideSolutionNode = FALSE
	EndGlobalSection
	GlobalSection(NestedProjects) = preSolution
		{23F36AF7-CC23-4F6B-81EC-D476599ECE7B} = {83433A40-3117-4685-82B1-6F2FF789D394}
		{4817E261-4F39-4254-91DA-3E52737AAD03} = {4C7076B9-14D2-47FC-8124-979A640BFFDA}
		{2962B1AB-7900-4199-9471-D7E085B2B460} = {0E6ACAE2-68B9-48DF-AFF6-8BA2D80C7B2E}
		{87B466EA-AF26-49E8-94E7-2F1541D57618} = {83433A40-3117-4685-82B1-6F2FF789D394}
		{1D6FE2AB-31EF-450B-BD48-C728F0B6A4B5} = {83433A40-3117-4685-82B1-6F2FF789D394}
		{B238FB5F-0F10-46BB-A6F0-40752D6B5932} = {83433A40-3117-4685-82B1-6F2FF789D394}
	EndGlobalSection
	GlobalSection(ExtensibilityGlobals) = postSolution
		SolutionGuid = {539A5C96-5289-4F21-959F-028AAF582765}
	EndGlobalSection
EndGlobal
