
Microsoft Visual Studio Solution File, Format Version 12.00
# Visual Studio Version 17
VisualStudioVersion = 17.9.34902.65
MinimumVisualStudioVersion = 10.0.40219.1
Project("{2150E333-8FDC-42A3-9474-1A3956D46DE8}") = "Tests", "Tests", "{4C7076B9-14D2-47FC-8124-979A640BFFDA}"
EndProject
Project("{2150E333-8FDC-42A3-9474-1A3956D46DE8}") = "Modules", "Modules", "{83433A40-3117-4685-82B1-6F2FF789D394}"
EndProject
Project("{9A19103F-16F7-4668-BE54-9A1E7A4F7556}") = "application", "application\application.csproj", "{A964B79D-8EB5-48F8-8908-5F037EB661B4}"
EndProject
Project("{9A19103F-16F7-4668-BE54-9A1E7A4F7556}") = "application.core", "application.core\application.core.csproj", "{940FF404-ACE8-42A8-999E-C16A2D974B13}"
EndProject
Project("{9A19103F-16F7-4668-BE54-9A1E7A4F7556}") = "modules.messageView.tests", "tests\modules.messageView.tests\modules.messageView.tests.csproj", "{4817E261-4F39-4254-91DA-3E52737AAD03}"
EndProject
Project("{2150E333-8FDC-42A3-9474-1A3956D46DE8}") = "core-modules", "core-modules", "{0E6ACAE2-68B9-48DF-AFF6-8BA2D80C7B2E}"
EndProject
Project("{9A19103F-16F7-4668-BE54-9A1E7A4F7556}") = "modules.messaging.tests", "tests\modules.messaging.tests\modules.messaging.tests.csproj", "{2982D93B-EA88-46F4-ACDE-CB0798664E04}"
EndProject
Project("{9A19103F-16F7-4668-BE54-9A1E7A4F7556}") = "application.module.loader.tests", "tests\application.module.loader.tests\application.module.loader.tests.csproj", "{7745F888-9813-4043-BD9E-048AAB5C9648}"
EndProject
Project("{9A19103F-16F7-4668-BE54-9A1E7A4F7556}") = "modules.buttons.tests", "tests\modules.buttons.tests\modules.buttons.tests.csproj", "{252896D5-928E-4D0D-A9F5-BF8B7AB099EF}"
EndProject
Project("{9A19103F-16F7-4668-BE54-9A1E7A4F7556}") = "application.core.tests", "tests\application.core.tests\application.core.tests.csproj", "{D6F65DE9-E920-4838-9E25-98074AF04270}"
EndProject
Project("{9A19103F-16F7-4668-BE54-9A1E7A4F7556}") = "application.tests", "tests\application.tests\application.tests.csproj", "{806F9FA7-3CBE-4326-B3D8-9986CE3673B7}"
EndProject
Project("{9A19103F-16F7-4668-BE54-9A1E7A4F7556}") = "modules.timekeeper.tests", "tests\modules.timekeeper.tests\modules.timekeeper.tests.csproj", "{3B93E9B9-F8E5-463C-B24C-D3C278DDF8A0}"
EndProject
Project("{9A19103F-16F7-4668-BE54-9A1E7A4F7556}") = "application.menubar.tests", "tests\application.menubar.tests\application.menubar.tests.csproj", "{195D2CF4-734F-4475-9B7A-145EC72A503C}"
EndProject
Project("{2150E333-8FDC-42A3-9474-1A3956D46DE8}") = "menu-bar", "menu-bar", "{DFF90FB1-E8D1-42C0-8EEE-CAC3F64C7BC3}"
EndProject
Project("{9A19103F-16F7-4668-BE54-9A1E7A4F7556}") = "application.menubar.module", "core-modules\menu-bar\application.menubar.module\application.menubar.module.csproj", "{6083C32F-30C9-46C7-9377-DB6D3CDD3F14}"
EndProject
Project("{FAE04EC0-301F-11D3-BF4B-00C04F79EFBC}") = "application.menubar", "core-modules\menu-bar\application.menubar\application.menubar.csproj", "{7D2E78D8-FF8D-43D3-9616-2EB90E8D5F4B}"
EndProject
Project("{2150E333-8FDC-42A3-9474-1A3956D46DE8}") = "buttons", "buttons", "{6B689CE7-2ED3-431C-AE4E-F49C51FCB0ED}"
EndProject
Project("{2150E333-8FDC-42A3-9474-1A3956D46DE8}") = "message-viewer", "message-viewer", "{FF4E5651-238A-4BAF-9345-E506B4F5CD94}"
EndProject
Project("{9A19103F-16F7-4668-BE54-9A1E7A4F7556}") = "buttons.module", "modules\buttons\buttons.module\buttons.module.csproj", "{743568C0-376D-43C0-8E08-16AA9BB051BA}"
EndProject
Project("{9A19103F-16F7-4668-BE54-9A1E7A4F7556}") = "messageView.module", "modules\message-viewer\messageView.module\messageView.module.csproj", "{8E5E65CC-12E5-4AA7-9472-C54373ED7B22}"
EndProject
Project("{2150E333-8FDC-42A3-9474-1A3956D46DE8}") = "messaging-service", "messaging-service", "{5F267A2A-2FF7-4D1B-9DEC-8D97DBE0157B}"
EndProject
Project("{9A19103F-16F7-4668-BE54-9A1E7A4F7556}") = "messaging", "modules\messaging-service\messaging\messaging.csproj", "{DC5B3907-5B95-457D-A4A7-A000A4EF49F3}"
EndProject
Project("{9A19103F-16F7-4668-BE54-9A1E7A4F7556}") = "messaging.module", "modules\messaging-service\messaging.module\messaging.module.csproj", "{61EB2AA9-3502-4A2D-9F73-73151B6A102F}"
EndProject
Project("{2150E333-8FDC-42A3-9474-1A3956D46DE8}") = "time-keeper", "time-keeper", "{71AEDD66-4377-4ED0-8DCD-9ED2FFC5FC2B}"
EndProject
Project("{9A19103F-16F7-4668-BE54-9A1E7A4F7556}") = "timekeeper", "modules\time-keeper\timekeeper\timekeeper.csproj", "{2EE16265-3C92-434C-9FEE-6B4AF03218B0}"
EndProject
Project("{9A19103F-16F7-4668-BE54-9A1E7A4F7556}") = "timekeeper.module", "modules\time-keeper\timekeeper.module\timekeeper.module.csproj", "{869FC26B-112C-4F94-9A80-6D52F16025FB}"
EndProject
Project("{2150E333-8FDC-42A3-9474-1A3956D46DE8}") = "module-loader", "module-loader", "{D9244DFB-B1C6-43F7-BC90-A27E01A36647}"
EndProject
Project("{9A19103F-16F7-4668-BE54-9A1E7A4F7556}") = "application.module.loader", "core-modules\module-loader\application.module.loader\application.module.loader.csproj", "{E3B538BA-FA8B-4D0B-A9FC-6EAFC98D8773}"
EndProject
Global
	GlobalSection(SolutionConfigurationPlatforms) = preSolution
		Debug|Any CPU = Debug|Any CPU
		Release|Any CPU = Release|Any CPU
	EndGlobalSection
	GlobalSection(ProjectConfigurationPlatforms) = postSolution
		{A964B79D-8EB5-48F8-8908-5F037EB661B4}.Debug|Any CPU.ActiveCfg = Debug|Any CPU
		{A964B79D-8EB5-48F8-8908-5F037EB661B4}.Debug|Any CPU.Build.0 = Debug|Any CPU
		{A964B79D-8EB5-48F8-8908-5F037EB661B4}.Release|Any CPU.ActiveCfg = Release|Any CPU
		{A964B79D-8EB5-48F8-8908-5F037EB661B4}.Release|Any CPU.Build.0 = Release|Any CPU
		{940FF404-ACE8-42A8-999E-C16A2D974B13}.Debug|Any CPU.ActiveCfg = Debug|Any CPU
		{940FF404-ACE8-42A8-999E-C16A2D974B13}.Debug|Any CPU.Build.0 = Debug|Any CPU
		{940FF404-ACE8-42A8-999E-C16A2D974B13}.Release|Any CPU.ActiveCfg = Release|Any CPU
		{940FF404-ACE8-42A8-999E-C16A2D974B13}.Release|Any CPU.Build.0 = Release|Any CPU
		{4817E261-4F39-4254-91DA-3E52737AAD03}.Debug|Any CPU.ActiveCfg = Debug|Any CPU
		{4817E261-4F39-4254-91DA-3E52737AAD03}.Debug|Any CPU.Build.0 = Debug|Any CPU
		{4817E261-4F39-4254-91DA-3E52737AAD03}.Release|Any CPU.ActiveCfg = Release|Any CPU
		{4817E261-4F39-4254-91DA-3E52737AAD03}.Release|Any CPU.Build.0 = Release|Any CPU
		{2982D93B-EA88-46F4-ACDE-CB0798664E04}.Debug|Any CPU.ActiveCfg = Debug|Any CPU
		{2982D93B-EA88-46F4-ACDE-CB0798664E04}.Debug|Any CPU.Build.0 = Debug|Any CPU
		{2982D93B-EA88-46F4-ACDE-CB0798664E04}.Release|Any CPU.ActiveCfg = Release|Any CPU
		{2982D93B-EA88-46F4-ACDE-CB0798664E04}.Release|Any CPU.Build.0 = Release|Any CPU
		{7745F888-9813-4043-BD9E-048AAB5C9648}.Debug|Any CPU.ActiveCfg = Debug|Any CPU
		{7745F888-9813-4043-BD9E-048AAB5C9648}.Debug|Any CPU.Build.0 = Debug|Any CPU
		{7745F888-9813-4043-BD9E-048AAB5C9648}.Release|Any CPU.ActiveCfg = Release|Any CPU
		{7745F888-9813-4043-BD9E-048AAB5C9648}.Release|Any CPU.Build.0 = Release|Any CPU
		{252896D5-928E-4D0D-A9F5-BF8B7AB099EF}.Debug|Any CPU.ActiveCfg = Debug|Any CPU
		{252896D5-928E-4D0D-A9F5-BF8B7AB099EF}.Debug|Any CPU.Build.0 = Debug|Any CPU
		{252896D5-928E-4D0D-A9F5-BF8B7AB099EF}.Release|Any CPU.ActiveCfg = Release|Any CPU
		{252896D5-928E-4D0D-A9F5-BF8B7AB099EF}.Release|Any CPU.Build.0 = Release|Any CPU
		{D6F65DE9-E920-4838-9E25-98074AF04270}.Debug|Any CPU.ActiveCfg = Debug|Any CPU
		{D6F65DE9-E920-4838-9E25-98074AF04270}.Debug|Any CPU.Build.0 = Debug|Any CPU
		{D6F65DE9-E920-4838-9E25-98074AF04270}.Release|Any CPU.ActiveCfg = Release|Any CPU
		{D6F65DE9-E920-4838-9E25-98074AF04270}.Release|Any CPU.Build.0 = Release|Any CPU
		{806F9FA7-3CBE-4326-B3D8-9986CE3673B7}.Debug|Any CPU.ActiveCfg = Debug|Any CPU
		{806F9FA7-3CBE-4326-B3D8-9986CE3673B7}.Debug|Any CPU.Build.0 = Debug|Any CPU
		{806F9FA7-3CBE-4326-B3D8-9986CE3673B7}.Release|Any CPU.ActiveCfg = Release|Any CPU
		{806F9FA7-3CBE-4326-B3D8-9986CE3673B7}.Release|Any CPU.Build.0 = Release|Any CPU
		{3B93E9B9-F8E5-463C-B24C-D3C278DDF8A0}.Debug|Any CPU.ActiveCfg = Debug|Any CPU
		{3B93E9B9-F8E5-463C-B24C-D3C278DDF8A0}.Debug|Any CPU.Build.0 = Debug|Any CPU
		{3B93E9B9-F8E5-463C-B24C-D3C278DDF8A0}.Release|Any CPU.ActiveCfg = Release|Any CPU
		{3B93E9B9-F8E5-463C-B24C-D3C278DDF8A0}.Release|Any CPU.Build.0 = Release|Any CPU
		{195D2CF4-734F-4475-9B7A-145EC72A503C}.Debug|Any CPU.ActiveCfg = Debug|Any CPU
		{195D2CF4-734F-4475-9B7A-145EC72A503C}.Debug|Any CPU.Build.0 = Debug|Any CPU
		{195D2CF4-734F-4475-9B7A-145EC72A503C}.Release|Any CPU.ActiveCfg = Release|Any CPU
		{195D2CF4-734F-4475-9B7A-145EC72A503C}.Release|Any CPU.Build.0 = Release|Any CPU
		{6083C32F-30C9-46C7-9377-DB6D3CDD3F14}.Debug|Any CPU.ActiveCfg = Debug|Any CPU
		{6083C32F-30C9-46C7-9377-DB6D3CDD3F14}.Debug|Any CPU.Build.0 = Debug|Any CPU
		{6083C32F-30C9-46C7-9377-DB6D3CDD3F14}.Release|Any CPU.ActiveCfg = Release|Any CPU
		{6083C32F-30C9-46C7-9377-DB6D3CDD3F14}.Release|Any CPU.Build.0 = Release|Any CPU
		{7D2E78D8-FF8D-43D3-9616-2EB90E8D5F4B}.Debug|Any CPU.ActiveCfg = Debug|Any CPU
		{7D2E78D8-FF8D-43D3-9616-2EB90E8D5F4B}.Debug|Any CPU.Build.0 = Debug|Any CPU
		{7D2E78D8-FF8D-43D3-9616-2EB90E8D5F4B}.Release|Any CPU.ActiveCfg = Release|Any CPU
		{7D2E78D8-FF8D-43D3-9616-2EB90E8D5F4B}.Release|Any CPU.Build.0 = Release|Any CPU
		{743568C0-376D-43C0-8E08-16AA9BB051BA}.Debug|Any CPU.ActiveCfg = Debug|Any CPU
		{743568C0-376D-43C0-8E08-16AA9BB051BA}.Debug|Any CPU.Build.0 = Debug|Any CPU
		{743568C0-376D-43C0-8E08-16AA9BB051BA}.Release|Any CPU.ActiveCfg = Release|Any CPU
		{743568C0-376D-43C0-8E08-16AA9BB051BA}.Release|Any CPU.Build.0 = Release|Any CPU
		{8E5E65CC-12E5-4AA7-9472-C54373ED7B22}.Debug|Any CPU.ActiveCfg = Debug|Any CPU
		{8E5E65CC-12E5-4AA7-9472-C54373ED7B22}.Debug|Any CPU.Build.0 = Debug|Any CPU
		{8E5E65CC-12E5-4AA7-9472-C54373ED7B22}.Release|Any CPU.ActiveCfg = Release|Any CPU
		{8E5E65CC-12E5-4AA7-9472-C54373ED7B22}.Release|Any CPU.Build.0 = Release|Any CPU
		{DC5B3907-5B95-457D-A4A7-A000A4EF49F3}.Debug|Any CPU.ActiveCfg = Debug|Any CPU
		{DC5B3907-5B95-457D-A4A7-A000A4EF49F3}.Debug|Any CPU.Build.0 = Debug|Any CPU
		{DC5B3907-5B95-457D-A4A7-A000A4EF49F3}.Release|Any CPU.ActiveCfg = Release|Any CPU
		{DC5B3907-5B95-457D-A4A7-A000A4EF49F3}.Release|Any CPU.Build.0 = Release|Any CPU
		{61EB2AA9-3502-4A2D-9F73-73151B6A102F}.Debug|Any CPU.ActiveCfg = Debug|Any CPU
		{61EB2AA9-3502-4A2D-9F73-73151B6A102F}.Debug|Any CPU.Build.0 = Debug|Any CPU
		{61EB2AA9-3502-4A2D-9F73-73151B6A102F}.Release|Any CPU.ActiveCfg = Release|Any CPU
		{61EB2AA9-3502-4A2D-9F73-73151B6A102F}.Release|Any CPU.Build.0 = Release|Any CPU
		{2EE16265-3C92-434C-9FEE-6B4AF03218B0}.Debug|Any CPU.ActiveCfg = Debug|Any CPU
		{2EE16265-3C92-434C-9FEE-6B4AF03218B0}.Debug|Any CPU.Build.0 = Debug|Any CPU
		{2EE16265-3C92-434C-9FEE-6B4AF03218B0}.Release|Any CPU.ActiveCfg = Release|Any CPU
		{2EE16265-3C92-434C-9FEE-6B4AF03218B0}.Release|Any CPU.Build.0 = Release|Any CPU
		{869FC26B-112C-4F94-9A80-6D52F16025FB}.Debug|Any CPU.ActiveCfg = Debug|Any CPU
		{869FC26B-112C-4F94-9A80-6D52F16025FB}.Debug|Any CPU.Build.0 = Debug|Any CPU
		{869FC26B-112C-4F94-9A80-6D52F16025FB}.Release|Any CPU.ActiveCfg = Release|Any CPU
		{869FC26B-112C-4F94-9A80-6D52F16025FB}.Release|Any CPU.Build.0 = Release|Any CPU
		{E3B538BA-FA8B-4D0B-A9FC-6EAFC98D8773}.Debug|Any CPU.ActiveCfg = Debug|Any CPU
		{E3B538BA-FA8B-4D0B-A9FC-6EAFC98D8773}.Debug|Any CPU.Build.0 = Debug|Any CPU
		{E3B538BA-FA8B-4D0B-A9FC-6EAFC98D8773}.Release|Any CPU.ActiveCfg = Release|Any CPU
		{E3B538BA-FA8B-4D0B-A9FC-6EAFC98D8773}.Release|Any CPU.Build.0 = Release|Any CPU
	EndGlobalSection
	GlobalSection(SolutionProperties) = preSolution
		HideSolutionNode = FALSE
	EndGlobalSection
	GlobalSection(NestedProjects) = preSolution
		{4817E261-4F39-4254-91DA-3E52737AAD03} = {4C7076B9-14D2-47FC-8124-979A640BFFDA}
		{2982D93B-EA88-46F4-ACDE-CB0798664E04} = {4C7076B9-14D2-47FC-8124-979A640BFFDA}
		{7745F888-9813-4043-BD9E-048AAB5C9648} = {4C7076B9-14D2-47FC-8124-979A640BFFDA}
		{252896D5-928E-4D0D-A9F5-BF8B7AB099EF} = {4C7076B9-14D2-47FC-8124-979A640BFFDA}
		{D6F65DE9-E920-4838-9E25-98074AF04270} = {4C7076B9-14D2-47FC-8124-979A640BFFDA}
		{806F9FA7-3CBE-4326-B3D8-9986CE3673B7} = {4C7076B9-14D2-47FC-8124-979A640BFFDA}
		{3B93E9B9-F8E5-463C-B24C-D3C278DDF8A0} = {4C7076B9-14D2-47FC-8124-979A640BFFDA}
		{195D2CF4-734F-4475-9B7A-145EC72A503C} = {4C7076B9-14D2-47FC-8124-979A640BFFDA}
		{DFF90FB1-E8D1-42C0-8EEE-CAC3F64C7BC3} = {0E6ACAE2-68B9-48DF-AFF6-8BA2D80C7B2E}
		{6083C32F-30C9-46C7-9377-DB6D3CDD3F14} = {DFF90FB1-E8D1-42C0-8EEE-CAC3F64C7BC3}
		{7D2E78D8-FF8D-43D3-9616-2EB90E8D5F4B} = {DFF90FB1-E8D1-42C0-8EEE-CAC3F64C7BC3}
		{6B689CE7-2ED3-431C-AE4E-F49C51FCB0ED} = {83433A40-3117-4685-82B1-6F2FF789D394}
		{FF4E5651-238A-4BAF-9345-E506B4F5CD94} = {83433A40-3117-4685-82B1-6F2FF789D394}
		{743568C0-376D-43C0-8E08-16AA9BB051BA} = {6B689CE7-2ED3-431C-AE4E-F49C51FCB0ED}
		{8E5E65CC-12E5-4AA7-9472-C54373ED7B22} = {FF4E5651-238A-4BAF-9345-E506B4F5CD94}
		{5F267A2A-2FF7-4D1B-9DEC-8D97DBE0157B} = {83433A40-3117-4685-82B1-6F2FF789D394}
		{DC5B3907-5B95-457D-A4A7-A000A4EF49F3} = {5F267A2A-2FF7-4D1B-9DEC-8D97DBE0157B}
		{61EB2AA9-3502-4A2D-9F73-73151B6A102F} = {5F267A2A-2FF7-4D1B-9DEC-8D97DBE0157B}
		{71AEDD66-4377-4ED0-8DCD-9ED2FFC5FC2B} = {83433A40-3117-4685-82B1-6F2FF789D394}
		{2EE16265-3C92-434C-9FEE-6B4AF03218B0} = {71AEDD66-4377-4ED0-8DCD-9ED2FFC5FC2B}
		{869FC26B-112C-4F94-9A80-6D52F16025FB} = {71AEDD66-4377-4ED0-8DCD-9ED2FFC5FC2B}
		{D9244DFB-B1C6-43F7-BC90-A27E01A36647} = {0E6ACAE2-68B9-48DF-AFF6-8BA2D80C7B2E}
		{E3B538BA-FA8B-4D0B-A9FC-6EAFC98D8773} = {D9244DFB-B1C6-43F7-BC90-A27E01A36647}
	EndGlobalSection
	GlobalSection(ExtensibilityGlobals) = postSolution
		SolutionGuid = {539A5C96-5289-4F21-959F-028AAF582765}
	EndGlobalSection
EndGlobal
